// !$*UTF8*$!
{
	archiveVersion = 1;
	classes = {
	};
	objectVersion = 55;
	objects = {

/* Begin PBXBuildFile section */
		98701ABD26FCA0E4008E5675 /* AppDelegate.swift in Sources */ = {isa = PBXBuildFile; fileRef = 98701ABC26FCA0E4008E5675 /* AppDelegate.swift */; };
		98701ABF26FCA0E4008E5675 /* SceneDelegate.swift in Sources */ = {isa = PBXBuildFile; fileRef = 98701ABE26FCA0E4008E5675 /* SceneDelegate.swift */; };
		98701AC426FCA0E4008E5675 /* Main.storyboard in Resources */ = {isa = PBXBuildFile; fileRef = 98701AC226FCA0E4008E5675 /* Main.storyboard */; };
		98701AC626FCA0E5008E5675 /* Assets.xcassets in Resources */ = {isa = PBXBuildFile; fileRef = 98701AC526FCA0E5008E5675 /* Assets.xcassets */; };
		98701AC926FCA0E5008E5675 /* LaunchScreen.storyboard in Resources */ = {isa = PBXBuildFile; fileRef = 98701AC726FCA0E5008E5675 /* LaunchScreen.storyboard */; };
		98701AD126FCACB7008E5675 /* Data.swift in Sources */ = {isa = PBXBuildFile; fileRef = 98701AD026FCACB7008E5675 /* Data.swift */; };
		98701AD326FCBD0F008E5675 /* NextViewController.swift in Sources */ = {isa = PBXBuildFile; fileRef = 98701AD226FCBD0F008E5675 /* NextViewController.swift */; };
		98701AD526FCBF04008E5675 /* DeathTableViewCell.swift in Sources */ = {isa = PBXBuildFile; fileRef = 98701AD426FCBF04008E5675 /* DeathTableViewCell.swift */; };
		98A3054526FCD55800C0A8D6 /* ViewController.swift in Sources */ = {isa = PBXBuildFile; fileRef = 98A3054426FCD55800C0A8D6 /* ViewController.swift */; };
/* End PBXBuildFile section */

/* Begin PBXFileReference section */
		98701AB926FCA0E4008E5675 /* d02.app */ = {isa = PBXFileReference; explicitFileType = wrapper.application; includeInIndex = 0; path = d02.app; sourceTree = BUILT_PRODUCTS_DIR; };
		98701ABC26FCA0E4008E5675 /* AppDelegate.swift */ = {isa = PBXFileReference; lastKnownFileType = sourcecode.swift; path = AppDelegate.swift; sourceTree = "<group>"; };
		98701ABE26FCA0E4008E5675 /* SceneDelegate.swift */ = {isa = PBXFileReference; lastKnownFileType = sourcecode.swift; path = SceneDelegate.swift; sourceTree = "<group>"; };
		98701AC326FCA0E4008E5675 /* Base */ = {isa = PBXFileReference; lastKnownFileType = file.storyboard; name = Base; path = Base.lproj/Main.storyboard; sourceTree = "<group>"; };
		98701AC526FCA0E5008E5675 /* Assets.xcassets */ = {isa = PBXFileReference; lastKnownFileType = folder.assetcatalog; path = Assets.xcassets; sourceTree = "<group>"; };
		98701AC826FCA0E5008E5675 /* Base */ = {isa = PBXFileReference; lastKnownFileType = file.storyboard; name = Base; path = Base.lproj/LaunchScreen.storyboard; sourceTree = "<group>"; };
		98701ACA26FCA0E5008E5675 /* Info.plist */ = {isa = PBXFileReference; lastKnownFileType = text.plist.xml; path = Info.plist; sourceTree = "<group>"; };
		98701AD026FCACB7008E5675 /* Data.swift */ = {isa = PBXFileReference; lastKnownFileType = sourcecode.swift; path = Data.swift; sourceTree = "<group>"; };
		98701AD226FCBD0F008E5675 /* NextViewController.swift */ = {isa = PBXFileReference; lastKnownFileType = sourcecode.swift; path = NextViewController.swift; sourceTree = "<group>"; };
		98701AD426FCBF04008E5675 /* DeathTableViewCell.swift */ = {isa = PBXFileReference; lastKnownFileType = sourcecode.swift; path = DeathTableViewCell.swift; sourceTree = "<group>"; };
		98A3054426FCD55800C0A8D6 /* ViewController.swift */ = {isa = PBXFileReference; lastKnownFileType = sourcecode.swift; path = ViewController.swift; sourceTree = "<group>"; };
/* End PBXFileReference section */

/* Begin PBXFrameworksBuildPhase section */
		98701AB626FCA0E4008E5675 /* Frameworks */ = {
			isa = PBXFrameworksBuildPhase;
			buildActionMask = 2147483647;
			files = (
			);
			runOnlyForDeploymentPostprocessing = 0;
		};
/* End PBXFrameworksBuildPhase section */

/* Begin PBXGroup section */
		98701AB026FCA0E4008E5675 = {
			isa = PBXGroup;
			children = (
				98701ABB26FCA0E4008E5675 /* d02 */,
				98701ABA26FCA0E4008E5675 /* Products */,
			);
			sourceTree = "<group>";
		};
		98701ABA26FCA0E4008E5675 /* Products */ = {
			isa = PBXGroup;
			children = (
				98701AB926FCA0E4008E5675 /* d02.app */,
			);
			name = Products;
			sourceTree = "<group>";
		};
		98701ABB26FCA0E4008E5675 /* d02 */ = {
			isa = PBXGroup;
			children = (
				98701ABC26FCA0E4008E5675 /* AppDelegate.swift */,
				98701ABE26FCA0E4008E5675 /* SceneDelegate.swift */,
				98701AC226FCA0E4008E5675 /* Main.storyboard */,
				98701AC526FCA0E5008E5675 /* Assets.xcassets */,
				98701AC726FCA0E5008E5675 /* LaunchScreen.storyboard */,
				98701ACA26FCA0E5008E5675 /* Info.plist */,
				98701AD026FCACB7008E5675 /* Data.swift */,
				98701AD226FCBD0F008E5675 /* NextViewController.swift */,
				98701AD426FCBF04008E5675 /* DeathTableViewCell.swift */,
				98A3054426FCD55800C0A8D6 /* ViewController.swift */,
			);
			path = d02;
			sourceTree = "<group>";
		};
/* End PBXGroup section */

/* Begin PBXNativeTarget section */
		98701AB826FCA0E4008E5675 /* d02 */ = {
			isa = PBXNativeTarget;
			buildConfigurationList = 98701ACD26FCA0E5008E5675 /* Build configuration list for PBXNativeTarget "d02" */;
			buildPhases = (
				98701AB526FCA0E4008E5675 /* Sources */,
				98701AB626FCA0E4008E5675 /* Frameworks */,
				98701AB726FCA0E4008E5675 /* Resources */,
			);
			buildRules = (
			);
			dependencies = (
			);
			name = d02;
			productName = d02;
			productReference = 98701AB926FCA0E4008E5675 /* d02.app */;
			productType = "com.apple.product-type.application";
		};
/* End PBXNativeTarget section */

/* Begin PBXProject section */
		98701AB126FCA0E4008E5675 /* Project object */ = {
			isa = PBXProject;
			attributes = {
				BuildIndependentTargetsInParallel = 1;
				LastSwiftUpdateCheck = 1300;
				LastUpgradeCheck = 1300;
				TargetAttributes = {
					98701AB826FCA0E4008E5675 = {
						CreatedOnToolsVersion = 13.0;
					};
				};
			};
			buildConfigurationList = 98701AB426FCA0E4008E5675 /* Build configuration list for PBXProject "d02" */;
			compatibilityVersion = "Xcode 13.0";
			developmentRegion = en;
			hasScannedForEncodings = 0;
			knownRegions = (
				en,
				Base,
			);
			mainGroup = 98701AB026FCA0E4008E5675;
			productRefGroup = 98701ABA26FCA0E4008E5675 /* Products */;
			projectDirPath = "";
			projectRoot = "";
			targets = (
				98701AB826FCA0E4008E5675 /* d02 */,
			);
		};
/* End PBXProject section */

/* Begin PBXResourcesBuildPhase section */
		98701AB726FCA0E4008E5675 /* Resources */ = {
			isa = PBXResourcesBuildPhase;
			buildActionMask = 2147483647;
			files = (
				98701AC926FCA0E5008E5675 /* LaunchScreen.storyboard in Resources */,
				98701AC626FCA0E5008E5675 /* Assets.xcassets in Resources */,
				98701AC426FCA0E4008E5675 /* Main.storyboard in Resources */,
			);
			runOnlyForDeploymentPostprocessing = 0;
		};
/* End PBXResourcesBuildPhase section */

/* Begin PBXSourcesBuildPhase section */
		98701AB526FCA0E4008E5675 /* Sources */ = {
			isa = PBXSourcesBuildPhase;
			buildActionMask = 2147483647;
			files = (
				98A3054526FCD55800C0A8D6 /* ViewController.swift in Sources */,
				98701AD526FCBF04008E5675 /* DeathTableViewCell.swift in Sources */,
				98701AD326FCBD0F008E5675 /* NextViewController.swift in Sources */,
				98701ABD26FCA0E4008E5675 /* AppDelegate.swift in Sources */,
				98701ABF26FCA0E4008E5675 /* SceneDelegate.swift in Sources */,
				98701AD126FCACB7008E5675 /* Data.swift in Sources */,
			);
			runOnlyForDeploymentPostprocessing = 0;
		};
/* End PBXSourcesBuildPhase section */

/* Begin PBXVariantGroup section */
		98701AC226FCA0E4008E5675 /* Main.storyboard */ = {
			isa = PBXVariantGroup;
			children = (
				98701AC326FCA0E4008E5675 /* Base */,
			);
			name = Main.storyboard;
			sourceTree = "<group>";
		};
		98701AC726FCA0E5008E5675 /* LaunchScreen.storyboard */ = {
			isa = PBXVariantGroup;
			children = (
				98701AC826FCA0E5008E5675 /* Base */,
			);
			name = LaunchScreen.storyboard;
			sourceTree = "<group>";
		};
/* End PBXVariantGroup section */

/* Begin XCBuildConfiguration section */
		98701ACB26FCA0E5008E5675 /* Debug */ = {
			isa = XCBuildConfiguration;
			buildSettings = {
				ALWAYS_SEARCH_USER_PATHS = NO;
				CLANG_ANALYZER_NONNULL = YES;
				CLANG_ANALYZER_NUMBER_OBJECT_CONVERSION = YES_AGGRESSIVE;
				CLANG_CXX_LANGUAGE_STANDARD = "gnu++17";
				CLANG_CXX_LIBRARY = "libc++";
				CLANG_ENABLE_MODULES = YES;
				CLANG_ENABLE_OBJC_ARC = YES;
				CLANG_ENABLE_OBJC_WEAK = YES;
				CLANG_WARN_BLOCK_CAPTURE_AUTORELEASING = YES;
				CLANG_WARN_BOOL_CONVERSION = YES;
				CLANG_WARN_COMMA = YES;
				CLANG_WARN_CONSTANT_CONVERSION = YES;
				CLANG_WARN_DEPRECATED_OBJC_IMPLEMENTATIONS = YES;
				CLANG_WARN_DIRECT_OBJC_ISA_USAGE = YES_ERROR;
				CLANG_WARN_DOCUMENTATION_COMMENTS = YES;
				CLANG_WARN_EMPTY_BODY = YES;
				CLANG_WARN_ENUM_CONVERSION = YES;
				CLANG_WARN_INFINITE_RECURSION = YES;
				CLANG_WARN_INT_CONVERSION = YES;
				CLANG_WARN_NON_LITERAL_NULL_CONVERSION = YES;
				CLANG_WARN_OBJC_IMPLICIT_RETAIN_SELF = YES;
				CLANG_WARN_OBJC_LITERAL_CONVERSION = YES;
				CLANG_WARN_OBJC_ROOT_CLASS = YES_ERROR;
				CLANG_WARN_QUOTED_INCLUDE_IN_FRAMEWORK_HEADER = YES;
				CLANG_WARN_RANGE_LOOP_ANALYSIS = YES;
				CLANG_WARN_STRICT_PROTOTYPES = YES;
				CLANG_WARN_SUSPICIOUS_MOVE = YES;
				CLANG_WARN_UNGUARDED_AVAILABILITY = YES_AGGRESSIVE;
				CLANG_WARN_UNREACHABLE_CODE = YES;
				CLANG_WARN__DUPLICATE_METHOD_MATCH = YES;
				COPY_PHASE_STRIP = NO;
				DEBUG_INFORMATION_FORMAT = dwarf;
				ENABLE_STRICT_OBJC_MSGSEND = YES;
				ENABLE_TESTABILITY = YES;
				GCC_C_LANGUAGE_STANDARD = gnu11;
				GCC_DYNAMIC_NO_PIC = NO;
				GCC_NO_COMMON_BLOCKS = YES;
				GCC_OPTIMIZATION_LEVEL = 0;
				GCC_PREPROCESSOR_DEFINITIONS = (
					"DEBUG=1",
					"$(inherited)",
				);
				GCC_WARN_64_TO_32_BIT_CONVERSION = YES;
				GCC_WARN_ABOUT_RETURN_TYPE = YES_ERROR;
				GCC_WARN_UNDECLARED_SELECTOR = YES;
				GCC_WARN_UNINITIALIZED_AUTOS = YES_AGGRESSIVE;
				GCC_WARN_UNUSED_FUNCTION = YES;
				GCC_WARN_UNUSED_VARIABLE = YES;
				IPHONEOS_DEPLOYMENT_TARGET = 15.0;
				MTL_ENABLE_DEBUG_INFO = INCLUDE_SOURCE;
				MTL_FAST_MATH = YES;
				ONLY_ACTIVE_ARCH = YES;
				SDKROOT = iphoneos;
				SWIFT_ACTIVE_COMPILATION_CONDITIONS = DEBUG;
				SWIFT_OPTIMIZATION_LEVEL = "-Onone";
			};
			name = Debug;
		};
		98701ACC26FCA0E5008E5675 /* Release */ = {
			isa = XCBuildConfiguration;
			buildSettings = {
				ALWAYS_SEARCH_USER_PATHS = NO;
				CLANG_ANALYZER_NONNULL = YES;
				CLANG_ANALYZER_NUMBER_OBJECT_CONVERSION = YES_AGGRESSIVE;
				CLANG_CXX_LANGUAGE_STANDARD = "gnu++17";
				CLANG_CXX_LIBRARY = "libc++";
				CLANG_ENABLE_MODULES = YES;
				CLANG_ENABLE_OBJC_ARC = YES;
				CLANG_ENABLE_OBJC_WEAK = YES;
				CLANG_WARN_BLOCK_CAPTURE_AUTORELEASING = YES;
				CLANG_WARN_BOOL_CONVERSION = YES;
				CLANG_WARN_COMMA = YES;
				CLANG_WARN_CONSTANT_CONVERSION = YES;
				CLANG_WARN_DEPRECATED_OBJC_IMPLEMENTATIONS = YES;
				CLANG_WARN_DIRECT_OBJC_ISA_USAGE = YES_ERROR;
				CLANG_WARN_DOCUMENTATION_COMMENTS = YES;
				CLANG_WARN_EMPTY_BODY = YES;
				CLANG_WARN_ENUM_CONVERSION = YES;
				CLANG_WARN_INFINITE_RECURSION = YES;
				CLANG_WARN_INT_CONVERSION = YES;
				CLANG_WARN_NON_LITERAL_NULL_CONVERSION = YES;
				CLANG_WARN_OBJC_IMPLICIT_RETAIN_SELF = YES;
				CLANG_WARN_OBJC_LITERAL_CONVERSION = YES;
				CLANG_WARN_OBJC_ROOT_CLASS = YES_ERROR;
				CLANG_WARN_QUOTED_INCLUDE_IN_FRAMEWORK_HEADER = YES;
				CLANG_WARN_RANGE_LOOP_ANALYSIS = YES;
				CLANG_WARN_STRICT_PROTOTYPES = YES;
				CLANG_WARN_SUSPICIOUS_MOVE = YES;
				CLANG_WARN_UNGUARDED_AVAILABILITY = YES_AGGRESSIVE;
				CLANG_WARN_UNREACHABLE_CODE = YES;
				CLANG_WARN__DUPLICATE_METHOD_MATCH = YES;
				COPY_PHASE_STRIP = NO;
				DEBUG_INFORMATION_FORMAT = "dwarf-with-dsym";
				ENABLE_NS_ASSERTIONS = NO;
				ENABLE_STRICT_OBJC_MSGSEND = YES;
				GCC_C_LANGUAGE_STANDARD = gnu11;
				GCC_NO_COMMON_BLOCKS = YES;
				GCC_WARN_64_TO_32_BIT_CONVERSION = YES;
				GCC_WARN_ABOUT_RETURN_TYPE = YES_ERROR;
				GCC_WARN_UNDECLARED_SELECTOR = YES;
				GCC_WARN_UNINITIALIZED_AUTOS = YES_AGGRESSIVE;
				GCC_WARN_UNUSED_FUNCTION = YES;
				GCC_WARN_UNUSED_VARIABLE = YES;
				IPHONEOS_DEPLOYMENT_TARGET = 15.0;
				MTL_ENABLE_DEBUG_INFO = NO;
				MTL_FAST_MATH = YES;
				SDKROOT = iphoneos;
				SWIFT_COMPILATION_MODE = wholemodule;
				SWIFT_OPTIMIZATION_LEVEL = "-O";
				VALIDATE_PRODUCT = YES;
			};
			name = Release;
		};
		98701ACE26FCA0E5008E5675 /* Debug */ = {
			isa = XCBuildConfiguration;
			buildSettings = {
				ASSETCATALOG_COMPILER_APPICON_NAME = AppIcon;
				ASSETCATALOG_COMPILER_GLOBAL_ACCENT_COLOR_NAME = AccentColor;
				CODE_SIGN_STYLE = Automatic;
				CURRENT_PROJECT_VERSION = 1;
				GENERATE_INFOPLIST_FILE = YES;
				INFOPLIST_FILE = d02/Info.plist;
				INFOPLIST_KEY_UIApplicationSupportsIndirectInputEvents = YES;
				INFOPLIST_KEY_UILaunchStoryboardName = LaunchScreen;
				INFOPLIST_KEY_UIMainStoryboardFile = Main;
				INFOPLIST_KEY_UISupportedInterfaceOrientations_iPad = "UIInterfaceOrientationPortrait UIInterfaceOrientationPortraitUpsideDown UIInterfaceOrientationLandscapeLeft UIInterfaceOrientationLandscapeRight";
				INFOPLIST_KEY_UISupportedInterfaceOrientations_iPhone = "UIInterfaceOrientationPortrait UIInterfaceOrientationLandscapeLeft UIInterfaceOrientationLandscapeRight";
				LD_RUNPATH_SEARCH_PATHS = (
					"$(inherited)",
					"@executable_path/Frameworks",
				);
				MARKETING_VERSION = 1.0;
				PRODUCT_BUNDLE_IDENTIFIER = "-1.d02";
				PRODUCT_NAME = "$(TARGET_NAME)";
				SWIFT_EMIT_LOC_STRINGS = YES;
				SWIFT_VERSION = 5.0;
				TARGETED_DEVICE_FAMILY = "1,2";
			};
			name = Debug;
		};
		98701ACF26FCA0E5008E5675 /* Release */ = {
			isa = XCBuildConfiguration;
			buildSettings = {
				ASSETCATALOG_COMPILER_APPICON_NAME = AppIcon;
				ASSETCATALOG_COMPILER_GLOBAL_ACCENT_COLOR_NAME = AccentColor;
				CODE_SIGN_STYLE = Automatic;
				CURRENT_PROJECT_VERSION = 1;
				GENERATE_INFOPLIST_FILE = YES;
				INFOPLIST_FILE = d02/Info.plist;
				INFOPLIST_KEY_UIApplicationSupportsIndirectInputEvents = YES;
				INFOPLIST_KEY_UILaunchStoryboardName = LaunchScreen;
				INFOPLIST_KEY_UIMainStoryboardFile = Main;
				INFOPLIST_KEY_UISupportedInterfaceOrientations_iPad = "UIInterfaceOrientationPortrait UIInterfaceOrientationPortraitUpsideDown UIInterfaceOrientationLandscapeLeft UIInterfaceOrientationLandscapeRight";
				INFOPLIST_KEY_UISupportedInterfaceOrientations_iPhone = "UIInterfaceOrientationPortrait UIInterfaceOrientationLandscapeLeft UIInterfaceOrientationLandscapeRight";
				LD_RUNPATH_SEARCH_PATHS = (
					"$(inherited)",
					"@executable_path/Frameworks",
				);
				MARKETING_VERSION = 1.0;
				PRODUCT_BUNDLE_IDENTIFIER = "-1.d02";
				PRODUCT_NAME = "$(TARGET_NAME)";
				SWIFT_EMIT_LOC_STRINGS = YES;
				SWIFT_VERSION = 5.0;
				TARGETED_DEVICE_FAMILY = "1,2";
			};
			name = Release;
		};
/* End XCBuildConfiguration section */

/* Begin XCConfigurationList section */
		98701AB426FCA0E4008E5675 /* Build configuration list for PBXProject "d02" */ = {
			isa = XCConfigurationList;
			buildConfigurations = (
				98701ACB26FCA0E5008E5675 /* Debug */,
				98701ACC26FCA0E5008E5675 /* Release */,
			);
			defaultConfigurationIsVisible = 0;
			defaultConfigurationName = Release;
		};
		98701ACD26FCA0E5008E5675 /* Build configuration list for PBXNativeTarget "d02" */ = {
			isa = XCConfigurationList;
			buildConfigurations = (
				98701ACE26FCA0E5008E5675 /* Debug */,
				98701ACF26FCA0E5008E5675 /* Release */,
			);
			defaultConfigurationIsVisible = 0;
			defaultConfigurationName = Release;
		};
/* End XCConfigurationList section */
	};
	rootObject = 98701AB126FCA0E4008E5675 /* Project object */;
}
